// !$*UTF8*$!
{
	archiveVersion = 1;
	classes = {
	};
	objectVersion = 46;
	objects = {

/* Begin PBXBuildFile section */
		029B984519F5838900253035 /* AppDelegate.swift in Sources */ = {isa = PBXBuildFile; fileRef = 029B984419F5838900253035 /* AppDelegate.swift */; };
		029B984719F5838900253035 /* ViewController.swift in Sources */ = {isa = PBXBuildFile; fileRef = 029B984619F5838900253035 /* ViewController.swift */; };
		029B984C19F5838900253035 /* Images.xcassets in Resources */ = {isa = PBXBuildFile; fileRef = 029B984B19F5838900253035 /* Images.xcassets */; };
		029B985B19F5838900253035 /* ithome_TODOAPPTests.swift in Sources */ = {isa = PBXBuildFile; fileRef = 029B985A19F5838900253035 /* ithome_TODOAPPTests.swift */; };
		029B986619F58B9800253035 /* CustomTableViewCell.swift in Sources */ = {isa = PBXBuildFile; fileRef = 029B986419F58B9800253035 /* CustomTableViewCell.swift */; };
		029B986719F58B9800253035 /* CustomTableViewCell.xib in Resources */ = {isa = PBXBuildFile; fileRef = 029B986519F58B9800253035 /* CustomTableViewCell.xib */; };
/* End PBXBuildFile section */

/* Begin PBXContainerItemProxy section */
		029B985519F5838900253035 /* PBXContainerItemProxy */ = {
			isa = PBXContainerItemProxy;
			containerPortal = 029B983719F5838900253035 /* Project object */;
			proxyType = 1;
			remoteGlobalIDString = 029B983E19F5838900253035;
			remoteInfo = "ithome-TODOAPP";
		};
/* End PBXContainerItemProxy section */

/* Begin PBXFileReference section */
		029B983F19F5838900253035 /* ithome-TODOAPP.app */ = {isa = PBXFileReference; explicitFileType = wrapper.application; includeInIndex = 0; path = "ithome-TODOAPP.app"; sourceTree = BUILT_PRODUCTS_DIR; };
		029B984319F5838900253035 /* Info.plist */ = {isa = PBXFileReference; lastKnownFileType = text.plist.xml; path = Info.plist; sourceTree = "<group>"; };
		029B984419F5838900253035 /* AppDelegate.swift */ = {isa = PBXFileReference; lastKnownFileType = sourcecode.swift; path = AppDelegate.swift; sourceTree = "<group>"; };
		029B984619F5838900253035 /* ViewController.swift */ = {isa = PBXFileReference; lastKnownFileType = sourcecode.swift; path = ViewController.swift; sourceTree = "<group>"; };
		029B984B19F5838900253035 /* Images.xcassets */ = {isa = PBXFileReference; lastKnownFileType = folder.assetcatalog; path = Images.xcassets; sourceTree = "<group>"; };
		029B985419F5838900253035 /* ithome-TODOAPPTests.xctest */ = {isa = PBXFileReference; explicitFileType = wrapper.cfbundle; includeInIndex = 0; path = "ithome-TODOAPPTests.xctest"; sourceTree = BUILT_PRODUCTS_DIR; };
		029B985919F5838900253035 /* Info.plist */ = {isa = PBXFileReference; lastKnownFileType = text.plist.xml; path = Info.plist; sourceTree = "<group>"; };
		029B985A19F5838900253035 /* ithome_TODOAPPTests.swift */ = {isa = PBXFileReference; lastKnownFileType = sourcecode.swift; path = ithome_TODOAPPTests.swift; sourceTree = "<group>"; };
		029B986419F58B9800253035 /* CustomTableViewCell.swift */ = {isa = PBXFileReference; fileEncoding = 4; lastKnownFileType = sourcecode.swift; path = CustomTableViewCell.swift; sourceTree = "<group>"; };
		029B986519F58B9800253035 /* CustomTableViewCell.xib */ = {isa = PBXFileReference; fileEncoding = 4; lastKnownFileType = file.xib; path = CustomTableViewCell.xib; sourceTree = "<group>"; };
/* End PBXFileReference section */

/* Begin PBXFrameworksBuildPhase section */
		029B983C19F5838900253035 /* Frameworks */ = {
			isa = PBXFrameworksBuildPhase;
			buildActionMask = 2147483647;
			files = (
			);
			runOnlyForDeploymentPostprocessing = 0;
		};
		029B985119F5838900253035 /* Frameworks */ = {
			isa = PBXFrameworksBuildPhase;
			buildActionMask = 2147483647;
			files = (
			);
			runOnlyForDeploymentPostprocessing = 0;
		};
/* End PBXFrameworksBuildPhase section */

/* Begin PBXGroup section */
		029B983619F5838900253035 = {
			isa = PBXGroup;
			children = (
				029B984119F5838900253035 /* ithome-TODOAPP */,
				029B985719F5838900253035 /* ithome-TODOAPPTests */,
				029B984019F5838900253035 /* Products */,
			);
			sourceTree = "<group>";
		};
		029B984019F5838900253035 /* Products */ = {
			isa = PBXGroup;
			children = (
				029B983F19F5838900253035 /* ithome-TODOAPP.app */,
				029B985419F5838900253035 /* ithome-TODOAPPTests.xctest */,
			);
			name = Products;
			sourceTree = "<group>";
		};
		029B984119F5838900253035 /* ithome-TODOAPP */ = {
			isa = PBXGroup;
			children = (
				029B984419F5838900253035 /* AppDelegate.swift */,
				029B984619F5838900253035 /* ViewController.swift */,
				029B984B19F5838900253035 /* Images.xcassets */,
				029B984219F5838900253035 /* Supporting Files */,
				029B986419F58B9800253035 /* CustomTableViewCell.swift */,
				029B986519F58B9800253035 /* CustomTableViewCell.xib */,
			);
			path = "ithome-TODOAPP";
			sourceTree = "<group>";
		};
		029B984219F5838900253035 /* Supporting Files */ = {
			isa = PBXGroup;
			children = (
				029B984319F5838900253035 /* Info.plist */,
			);
			name = "Supporting Files";
			sourceTree = "<group>";
		};
		029B985719F5838900253035 /* ithome-TODOAPPTests */ = {
			isa = PBXGroup;
			children = (
				029B985A19F5838900253035 /* ithome_TODOAPPTests.swift */,
				029B985819F5838900253035 /* Supporting Files */,
			);
			path = "ithome-TODOAPPTests";
			sourceTree = "<group>";
		};
		029B985819F5838900253035 /* Supporting Files */ = {
			isa = PBXGroup;
			children = (
				029B985919F5838900253035 /* Info.plist */,
			);
			name = "Supporting Files";
			sourceTree = "<group>";
		};
/* End PBXGroup section */

/* Begin PBXNativeTarget section */
		029B983E19F5838900253035 /* ithome-TODOAPP */ = {
			isa = PBXNativeTarget;
			buildConfigurationList = 029B985E19F5838900253035 /* Build configuration list for PBXNativeTarget "ithome-TODOAPP" */;
			buildPhases = (
				029B983B19F5838900253035 /* Sources */,
				029B983C19F5838900253035 /* Frameworks */,
				029B983D19F5838900253035 /* Resources */,
			);
			buildRules = (
			);
			dependencies = (
			);
			name = "ithome-TODOAPP";
			productName = "ithome-TODOAPP";
			productReference = 029B983F19F5838900253035 /* ithome-TODOAPP.app */;
			productType = "com.apple.product-type.application";
		};
		029B985319F5838900253035 /* ithome-TODOAPPTests */ = {
			isa = PBXNativeTarget;
			buildConfigurationList = 029B986119F5838900253035 /* Build configuration list for PBXNativeTarget "ithome-TODOAPPTests" */;
			buildPhases = (
				029B985019F5838900253035 /* Sources */,
				029B985119F5838900253035 /* Frameworks */,
				029B985219F5838900253035 /* Resources */,
			);
			buildRules = (
			);
			dependencies = (
				029B985619F5838900253035 /* PBXTargetDependency */,
			);
			name = "ithome-TODOAPPTests";
			productName = "ithome-TODOAPPTests";
			productReference = 029B985419F5838900253035 /* ithome-TODOAPPTests.xctest */;
			productType = "com.apple.product-type.bundle.unit-test";
		};
/* End PBXNativeTarget section */

/* Begin PBXProject section */
		029B983719F5838900253035 /* Project object */ = {
			isa = PBXProject;
			attributes = {
				LastUpgradeCheck = 0600;
				ORGANIZATIONNAME = kerkerj;
				TargetAttributes = {
					029B983E19F5838900253035 = {
						CreatedOnToolsVersion = 6.0.1;
					};
					029B985319F5838900253035 = {
						CreatedOnToolsVersion = 6.0.1;
						TestTargetID = 029B983E19F5838900253035;
					};
				};
			};
			buildConfigurationList = 029B983A19F5838900253035 /* Build configuration list for PBXProject "ithome-TODOAPP" */;
			compatibilityVersion = "Xcode 3.2";
			developmentRegion = English;
			hasScannedForEncodings = 0;
			knownRegions = (
				en,
				Base,
			);
			mainGroup = 029B983619F5838900253035;
			productRefGroup = 029B984019F5838900253035 /* Products */;
			projectDirPath = "";
			projectRoot = "";
			targets = (
				029B983E19F5838900253035 /* ithome-TODOAPP */,
				029B985319F5838900253035 /* ithome-TODOAPPTests */,
			);
		};
/* End PBXProject section */

/* Begin PBXResourcesBuildPhase section */
		029B983D19F5838900253035 /* Resources */ = {
			isa = PBXResourcesBuildPhase;
			buildActionMask = 2147483647;
			files = (
				029B986719F58B9800253035 /* CustomTableViewCell.xib in Resources */,
				029B984C19F5838900253035 /* Images.xcassets in Resources */,
			);
			runOnlyForDeploymentPostprocessing = 0;
		};
		029B985219F5838900253035 /* Resources */ = {
			isa = PBXResourcesBuildPhase;
			buildActionMask = 2147483647;
			files = (
			);
			runOnlyForDeploymentPostprocessing = 0;
		};
/* End PBXResourcesBuildPhase section */

/* Begin PBXSourcesBuildPhase section */
		029B983B19F5838900253035 /* Sources */ = {
			isa = PBXSourcesBuildPhase;
			buildActionMask = 2147483647;
			files = (
				029B986619F58B9800253035 /* CustomTableViewCell.swift in Sources */,
				029B984719F5838900253035 /* ViewController.swift in Sources */,
				029B984519F5838900253035 /* AppDelegate.swift in Sources */,
			);
			runOnlyForDeploymentPostprocessing = 0;
		};
		029B985019F5838900253035 /* Sources */ = {
			isa = PBXSourcesBuildPhase;
			buildActionMask = 2147483647;
			files = (
				029B985B19F5838900253035 /* ithome_TODOAPPTests.swift in Sources */,
			);
			runOnlyForDeploymentPostprocessing = 0;
		};
/* End PBXSourcesBuildPhase section */

/* Begin PBXTargetDependency section */
		029B985619F5838900253035 /* PBXTargetDependency */ = {
			isa = PBXTargetDependency;
			target = 029B983E19F5838900253035 /* ithome-TODOAPP */;
			targetProxy = 029B985519F5838900253035 /* PBXContainerItemProxy */;
		};
/* End PBXTargetDependency section */

/* Begin XCBuildConfiguration section */
		029B985C19F5838900253035 /* Debug */ = {
			isa = XCBuildConfiguration;
			buildSettings = {
				ALWAYS_SEARCH_USER_PATHS = NO;
				CLANG_CXX_LANGUAGE_STANDARD = "gnu++0x";
				CLANG_CXX_LIBRARY = "libc++";
				CLANG_ENABLE_MODULES = YES;
				CLANG_ENABLE_OBJC_ARC = YES;
				CLANG_WARN_BOOL_CONVERSION = YES;
				CLANG_WARN_CONSTANT_CONVERSION = YES;
				CLANG_WARN_DIRECT_OBJC_ISA_USAGE = YES_ERROR;
				CLANG_WARN_EMPTY_BODY = YES;
				CLANG_WARN_ENUM_CONVERSION = YES;
				CLANG_WARN_INT_CONVERSION = YES;
				CLANG_WARN_OBJC_ROOT_CLASS = YES_ERROR;
				CLANG_WARN_UNREACHABLE_CODE = YES;
				CLANG_WARN__DUPLICATE_METHOD_MATCH = YES;
				"CODE_SIGN_IDENTITY[sdk=iphoneos*]" = "iPhone Developer";
				COPY_PHASE_STRIP = NO;
				ENABLE_STRICT_OBJC_MSGSEND = YES;
				GCC_C_LANGUAGE_STANDARD = gnu99;
				GCC_DYNAMIC_NO_PIC = NO;
				GCC_OPTIMIZATION_LEVEL = 0;
				GCC_PREPROCESSOR_DEFINITIONS = (
					"DEBUG=1",
					"$(inherited)",
				);
				GCC_SYMBOLS_PRIVATE_EXTERN = NO;
				GCC_WARN_64_TO_32_BIT_CONVERSION = YES;
				GCC_WARN_ABOUT_RETURN_TYPE = YES_ERROR;
				GCC_WARN_UNDECLARED_SELECTOR = YES;
				GCC_WARN_UNINITIALIZED_AUTOS = YES_AGGRESSIVE;
				GCC_WARN_UNUSED_FUNCTION = YES;
				GCC_WARN_UNUSED_VARIABLE = YES;
				IPHONEOS_DEPLOYMENT_TARGET = 8.0;
				MTL_ENABLE_DEBUG_INFO = YES;
				ONLY_ACTIVE_ARCH = YES;
				SDKROOT = iphoneos;
				SWIFT_OPTIMIZATION_LEVEL = "-Onone";
			};
			name = Debug;
		};
		029B985D19F5838900253035 /* Release */ = {
			isa = XCBuildConfiguration;
			buildSettings = {
				ALWAYS_SEARCH_USER_PATHS = NO;
				CLANG_CXX_LANGUAGE_STANDARD = "gnu++0x";
				CLANG_CXX_LIBRARY = "libc++";
				CLANG_ENABLE_MODULES = YES;
				CLANG_ENABLE_OBJC_ARC = YES;
				CLANG_WARN_BOOL_CONVERSION = YES;
				CLANG_WARN_CONSTANT_CONVERSION = YES;
				CLANG_WARN_DIRECT_OBJC_ISA_USAGE = YES_ERROR;
				CLANG_WARN_EMPTY_BODY = YES;
				CLANG_WARN_ENUM_CONVERSION = YES;
				CLANG_WARN_INT_CONVERSION = YES;
				CLANG_WARN_OBJC_ROOT_CLASS = YES_ERROR;
				CLANG_WARN_UNREACHABLE_CODE = YES;
				CLANG_WARN__DUPLICATE_METHOD_MATCH = YES;
				"CODE_SIGN_IDENTITY[sdk=iphoneos*]" = "iPhone Developer";
				COPY_PHASE_STRIP = YES;
				ENABLE_NS_ASSERTIONS = NO;
				ENABLE_STRICT_OBJC_MSGSEND = YES;
				GCC_C_LANGUAGE_STANDARD = gnu99;
				GCC_WARN_64_TO_32_BIT_CONVERSION = YES;
				GCC_WARN_ABOUT_RETURN_TYPE = YES_ERROR;
				GCC_WARN_UNDECLARED_SELECTOR = YES;
				GCC_WARN_UNINITIALIZED_AUTOS = YES_AGGRESSIVE;
				GCC_WARN_UNUSED_FUNCTION = YES;
				GCC_WARN_UNUSED_VARIABLE = YES;
				IPHONEOS_DEPLOYMENT_TARGET = 8.0;
				MTL_ENABLE_DEBUG_INFO = NO;
				SDKROOT = iphoneos;
				VALIDATE_PRODUCT = YES;
			};
			name = Release;
		};
		029B985F19F5838900253035 /* Debug */ = {
			isa = XCBuildConfiguration;
			buildSettings = {
				ASSETCATALOG_COMPILER_APPICON_NAME = AppIcon;
				ASSETCATALOG_COMPILER_LAUNCHIMAGE_NAME = LaunchImage;
				INFOPLIST_FILE = "ithome-TODOAPP/Info.plist";
				IPHONEOS_DEPLOYMENT_TARGET = 7.1;
				LD_RUNPATH_SEARCH_PATHS = "$(inherited) @executable_path/Frameworks";
				PRODUCT_NAME = "$(TARGET_NAME)";
			};
			name = Debug;
		};
		029B986019F5838900253035 /* Release */ = {
			isa = XCBuildConfiguration;
			buildSettings = {
				ASSETCATALOG_COMPILER_APPICON_NAME = AppIcon;
				ASSETCATALOG_COMPILER_LAUNCHIMAGE_NAME = LaunchImage;
				INFOPLIST_FILE = "ithome-TODOAPP/Info.plist";
				IPHONEOS_DEPLOYMENT_TARGET = 7.1;
				LD_RUNPATH_SEARCH_PATHS = "$(inherited) @executable_path/Frameworks";
				PRODUCT_NAME = "$(TARGET_NAME)";
			};
			name = Release;
		};
		029B986219F5838900253035 /* Debug */ = {
			isa = XCBuildConfiguration;
			buildSettings = {
				BUNDLE_LOADER = "$(TEST_HOST)";
				FRAMEWORK_SEARCH_PATHS = (
					"$(SDKROOT)/Developer/Library/Frameworks",
					"$(inherited)",
				);
				GCC_PREPROCESSOR_DEFINITIONS = (
					"DEBUG=1",
					"$(inherited)",
				);
				INFOPLIST_FILE = "ithome-TODOAPPTests/Info.plist";
				LD_RUNPATH_SEARCH_PATHS = "$(inherited) @executable_path/Frameworks @loader_path/Frameworks";
				PRODUCT_NAME = "$(TARGET_NAME)";
				TEST_HOST = "$(BUILT_PRODUCTS_DIR)/ithome-TODOAPP.app/ithome-TODOAPP";
			};
			name = Debug;
		};
		029B986319F5838900253035 /* Release */ = {
			isa = XCBuildConfiguration;
			buildSettings = {
				BUNDLE_LOADER = "$(TEST_HOST)";
				FRAMEWORK_SEARCH_PATHS = (
					"$(SDKROOT)/Developer/Library/Frameworks",
					"$(inherited)",
				);
				INFOPLIST_FILE = "ithome-TODOAPPTests/Info.plist";
				LD_RUNPATH_SEARCH_PATHS = "$(inherited) @executable_path/Frameworks @loader_path/Frameworks";
				PRODUCT_NAME = "$(TARGET_NAME)";
				TEST_HOST = "$(BUILT_PRODUCTS_DIR)/ithome-TODOAPP.app/ithome-TODOAPP";
			};
			name = Release;
		};
/* End XCBuildConfiguration section */

/* Begin XCConfigurationList section */
		029B983A19F5838900253035 /* Build configuration list for PBXProject "ithome-TODOAPP" */ = {
			isa = XCConfigurationList;
			buildConfigurations = (
				029B985C19F5838900253035 /* Debug */,
				029B985D19F5838900253035 /* Release */,
			);
			defaultConfigurationIsVisible = 0;
			defaultConfigurationName = Release;
		};
		029B985E19F5838900253035 /* Build configuration list for PBXNativeTarget "ithome-TODOAPP" */ = {
			isa = XCConfigurationList;
			buildConfigurations = (
				029B985F19F5838900253035 /* Debug */,
				029B986019F5838900253035 /* Release */,
			);
			defaultConfigurationIsVisible = 0;
		};
		029B986119F5838900253035 /* Build configuration list for PBXNativeTarget "ithome-TODOAPPTests" */ = {
			isa = XCConfigurationList;
			buildConfigurations = (
				029B986219F5838900253035 /* Debug */,
				029B986319F5838900253035 /* Release */,
			);
			defaultConfigurationIsVisible = 0;
		};
/* End XCConfigurationList section */
	};
	rootObject = 029B983719F5838900253035 /* Project object */;
}
